{
  "lockfileVersion": 1,
  "configVersion": 1,
  "workspaces": {
    "": {
      "name": "taskiro",
      "dependencies": {
        "@elysiajs/jwt": "^1.3.0",
        "@radix-ui/react-alert-dialog": "^1.1.17",
        "@radix-ui/react-avatar": "^1.2.0",
        "@radix-ui/react-dialog": "^1.1.17",
        "@radix-ui/react-dropdown-menu": "^2.1.18",
        "@radix-ui/react-popover": "^1.1.17",
        "@radix-ui/react-select": "^2.3.1",
        "@radix-ui/react-slot": "^1.3.0",
        "@radix-ui/react-toggle": "^1.1.12",
        "@radix-ui/react-toggle-group": "^1.1.13",
        "class-variance-authority": "^0.7.1",
        "clsx": "^2.1.1",
        "elysia": "^1.3.0",
        "lucide-react": "^0.544.0",
        "react": "^19.1.0",
        "react-dom": "^19.1.0",
        "sonner": "^2.0.0",
        "tailwind-merge": "^3.0.0",
      },
      "devDependencies": {
        "@types/bun": "^1.2.0",
        "@types/react": "^19.1.0",
        "@types/react-dom": "^19.1.0",
        "bun-plugin-tailwind": "^0.0.15",
        "fast-check": "^4.0.0",
        "tailwindcss": "^4.1.0",
        "tw-animate-css": "^1.3.0",
        "typescript": "^5.8.0",
      },
    },
  },
  "packages": {
    "@borewit/text-codec": ["@borewit/text-codec@0.2.2", "", {}, "sha512-DDaRehssg1aNrH4+2hnj1B7vnUGEjU6OIlyRdkMd0aUdIUvKXrJfXsy8LVtXAy7DRvYVluWbMspsRhz2lcW0mQ=="],

    "@elysiajs/jwt": ["@elysiajs/jwt@1.4.2", "", { "dependencies": { "jose": "^6.0.11" }, "peerDependencies": { "elysia": ">= 1.4.27" } }, "sha512-gSPjF8KoL7cQIxL3kb+Ui9g5jpBdO4iUTe2+F52w66JVFct2K8cTLum8PEArxRZNg4PBrg100h6i1bJ2zfcqMg=="],

    "@floating-ui/core": ["@floating-ui/core@1.7.5", "", { "dependencies": { "@floating-ui/utils": "^0.2.11" } }, "sha512-1Ih4WTWyw0+lKyFMcBHGbb5U5FtuHJuujoyyr5zTaWS5EYMeT6Jb2AuDeftsCsEuchO+mM2ij5+q9crhydzLhQ=="],

    "@floating-ui/dom": ["@floating-ui/dom@1.7.6", "", { "dependencies": { "@floating-ui/core": "^1.7.5", "@floating-ui/utils": "^0.2.11" } }, "sha512-9gZSAI5XM36880PPMm//9dfiEngYoC6Am2izES1FF406YFsjvyBMmeJ2g4SAju3xWwtuynNRFL2s9hgxpLI5SQ=="],

    "@floating-ui/react-dom": ["@floating-ui/react-dom@2.1.8", "", { "dependencies": { "@floating-ui/dom": "^1.7.6" }, "peerDependencies": { "react": ">=16.8.0", "react-dom": ">=16.8.0" } }, "sha512-cC52bHwM/n/CxS87FH0yWdngEZrjdtLW/qVruo68qg+prK7ZQ4YGdut2GyDVpoGeAYe/h899rVeOVm6Oi40k2A=="],

    "@floating-ui/utils": ["@floating-ui/utils@0.2.11", "", {}, "sha512-RiB/yIh78pcIxl6lLMG0CgBXAZ2Y0eVHqMPYugu+9U0AeT6YBeiJpf7lbdJNIugFP5SIjwNRgo4DhR1Qxi26Gg=="],

    "@radix-ui/number": ["@radix-ui/number@1.1.2", "", {}, "sha512-ceTwaxc4I5IOi97DgCotl3pqiyRGvffcc0oOsE2dQYaJOFIDsDt4VWG6xEbg1QePv9QWausCEIppud/tJ1wNig=="],

    "@radix-ui/primitive": ["@radix-ui/primitive@1.1.4", "", {}, "sha512-7AdCK9PQyiljKoBDbN8OuctCbd/esdwZPQ8RtOE3SsyQtUpiPb+ND75q0jEhC1m1ecBI0MFNeLJvwIh9iKHRcQ=="],

    "@radix-ui/react-alert-dialog": ["@radix-ui/react-alert-dialog@1.1.17", "", { "dependencies": { "@radix-ui/primitive": "1.1.4", "@radix-ui/react-compose-refs": "1.1.3", "@radix-ui/react-context": "1.1.4", "@radix-ui/react-dialog": "1.1.17", "@radix-ui/react-primitive": "2.1.6" }, "peerDependencies": { "@types/react": "*", "@types/react-dom": "*", "react": "^16.8 || ^17.0 || ^18.0 || ^19.0 || ^19.0.0-rc", "react-dom": "^16.8 || ^17.0 || ^18.0 || ^19.0 || ^19.0.0-rc" }, "optionalPeers": ["@types/react", "@types/react-dom"] }, "sha512-563ygGeyWPrxyVCNp7OV4rE2aIXhFPknpFyo4wbDlcyMMPZ6ySh+zC5WTvY0ZFLgPTg/QB6tA8PyDQyJ2b4cPg=="],

    "@radix-ui/react-arrow": ["@radix-ui/react-arrow@1.1.10", "", { "dependencies": { "@radix-ui/react-primitive": "2.1.6" }, "peerDependencies": { "@types/react": "*", "@types/react-dom": "*", "react": "^16.8 || ^17.0 || ^18.0 || ^19.0 || ^19.0.0-rc", "react-dom": "^16.8 || ^17.0 || ^18.0 || ^19.0 || ^19.0.0-rc" }, "optionalPeers": ["@types/react", "@types/react-dom"] }, "sha512-j2VTDz1vgCsmuG0k5lBfOcM8n5JPFqZBcMryasFjHYMhwxYL5SRUV5lMSUpRdNtw3D/Sv8pzJtrlAgkssYSsQQ=="],

    "@radix-ui/react-avatar": ["@radix-ui/react-avatar@1.2.0", "", { "dependencies": { "@radix-ui/react-context": "1.1.4", "@radix-ui/react-primitive": "2.1.6", "@radix-ui/react-use-callback-ref": "1.1.2", "@radix-ui/react-use-is-hydrated": "0.1.1", "@radix-ui/react-use-layout-effect": "1.1.2" }, "peerDependencies": { "@types/react": "*", "@types/react-dom": "*", "react": "^16.8 || ^17.0 || ^18.0 || ^19.0 || ^19.0.0-rc", "react-dom": "^16.8 || ^17.0 || ^18.0 || ^19.0 || ^19.0.0-rc" }, "optionalPeers": ["@types/react", "@types/react-dom"] }, "sha512-am/CwltXtmtdtP+5FbYblYDnMa/zuKcMJP1i3/SJMDXXfj2mG+BTqLH2wucqeyyiQMursUtg/5cK+Nh2pCaSOA=="],

    "@radix-ui/react-collection": ["@radix-ui/react-collection@1.1.10", "", { "dependencies": { "@radix-ui/react-compose-refs": "1.1.3", "@radix-ui/react-context": "1.1.4", "@radix-ui/react-primitive": "2.1.6", "@radix-ui/react-slot": "1.3.0" }, "peerDependencies": { "@types/react": "*", "@types/react-dom": "*", "react": "^16.8 || ^17.0 || ^18.0 || ^19.0 || ^19.0.0-rc", "react-dom": "^16.8 || ^17.0 || ^18.0 || ^19.0 || ^19.0.0-rc" }, "optionalPeers": ["@types/react", "@types/react-dom"] }, "sha512-IVVz4EvBcKjrzKgof714qDnz/SzQAkLA2Emh5edlHbgcE6fNd3Un6CJLlaYcnm8N4JmAtzQgse4dOKxcD2yc9g=="],

    "@radix-ui/react-compose-refs": ["@radix-ui/react-compose-refs@1.1.3", "", { "peerDependencies": { "@types/react": "*", "react": "^16.8 || ^17.0 || ^18.0 || ^19.0 || ^19.0.0-rc" }, "optionalPeers": ["@types/react"] }, "sha512-rYOP8OMnuuPMQF1uhPVlGNcCDlkokKqGFE3JcxFViIkAXP7EvFWUliJAstrapypaBLJNHbZL6jGhbVDGTwmVhA=="],

    "@radix-ui/react-context": ["@radix-ui/react-context@1.1.4", "", { "peerDependencies": { "@types/react": "*", "react": "^16.8 || ^17.0 || ^18.0 || ^19.0 || ^19.0.0-rc" }, "optionalPeers": ["@types/react"] }, "sha512-QwH4PO5urrbO+FaGd5Aglg+YJgWTyyuZ3g/6mKvsqraLkglDdckw9JafgL5McL5VEJ6EPNduPaT3ZE9BttDAqg=="],

    "@radix-ui/react-dialog": ["@radix-ui/react-dialog@1.1.17", "", { "dependencies": { "@radix-ui/primitive": "1.1.4", "@radix-ui/react-compose-refs": "1.1.3", "@radix-ui/react-context": "1.1.4", "@radix-ui/react-dismissable-layer": "1.1.13", "@radix-ui/react-focus-guards": "1.1.4", "@radix-ui/react-focus-scope": "1.1.10", "@radix-ui/react-id": "1.1.2", "@radix-ui/react-portal": "1.1.12", "@radix-ui/react-presence": "1.1.6", "@radix-ui/react-primitive": "2.1.6", "@radix-ui/react-slot": "1.3.0", "@radix-ui/react-use-controllable-state": "1.2.3", "aria-hidden": "^1.2.4", "react-remove-scroll": "^2.7.2" }, "peerDependencies": { "@types/react": "*", "@types/react-dom": "*", "react": "^16.8 || ^17.0 || ^18.0 || ^19.0 || ^19.0.0-rc", "react-dom": "^16.8 || ^17.0 || ^18.0 || ^19.0 || ^19.0.0-rc" }, "optionalPeers": ["@types/react", "@types/react-dom"] }, "sha512-TDTYmpdq8dI2+Xgvgj9AJ8Ghqq+Eph/TRVEdaFQPDItIY+6QSkU7MJMeevw1568Yw/2Ijz8BTphPSP2XejKphw=="],

    "@radix-ui/react-direction": ["@radix-ui/react-direction@1.1.2", "", { "peerDependencies": { "@types/react": "*", "react": "^16.8 || ^17.0 || ^18.0 || ^19.0 || ^19.0.0-rc" }, "optionalPeers": ["@types/react"] }, "sha512-C3vFhbyi4SW3PmbAi6Awpu4OzJtd0MxGurvSsYtr7p7nM8RNB3VAF3CUmnp2j50knpkrRcB7+ycVXzgLgF6yNA=="],

    "@radix-ui/react-dismissable-layer": ["@radix-ui/react-dismissable-layer@1.1.13", "", { "dependencies": { "@radix-ui/primitive": "1.1.4", "@radix-ui/react-compose-refs": "1.1.3", "@radix-ui/react-primitive": "2.1.6", "@radix-ui/react-use-callback-ref": "1.1.2", "@radix-ui/react-use-escape-keydown": "1.1.2" }, "peerDependencies": { "@types/react": "*", "@types/react-dom": "*", "react": "^16.8 || ^17.0 || ^18.0 || ^19.0 || ^19.0.0-rc", "react-dom": "^16.8 || ^17.0 || ^18.0 || ^19.0 || ^19.0.0-rc" }, "optionalPeers": ["@types/react", "@types/react-dom"] }, "sha512-2v+zNAWWe0ySxgC0D0yeXMPQ23xZVgXZTerTz+JKlmdRj6gfTqmCcR29jb6d290DezXPGgruHWDX/vYUebtErg=="],

    "@radix-ui/react-dropdown-menu": ["@radix-ui/react-dropdown-menu@2.1.18", "", { "dependencies": { "@radix-ui/primitive": "1.1.4", "@radix-ui/react-compose-refs": "1.1.3", "@radix-ui/react-context": "1.1.4", "@radix-ui/react-id": "1.1.2", "@radix-ui/react-menu": "2.1.18", "@radix-ui/react-primitive": "2.1.6", "@radix-ui/react-use-controllable-state": "1.2.3" }, "peerDependencies": { "@types/react": "*", "@types/react-dom": "*", "react": "^16.8 || ^17.0 || ^18.0 || ^19.0 || ^19.0.0-rc", "react-dom": "^16.8 || ^17.0 || ^18.0 || ^19.0 || ^19.0.0-rc" }, "optionalPeers": ["@types/react", "@types/react-dom"] }, "sha512-PZGV82gFk0WltDRI//SsG28ZIjlo9ANTmoNYg0jLNzXXiDsAy5PkOOYQaVD1pPxY6t7gxffb1QMD6qaUvsBZdw=="],

    "@radix-ui/react-focus-guards": ["@radix-ui/react-focus-guards@1.1.4", "", { "peerDependencies": { "@types/react": "*", "react": "^16.8 || ^17.0 || ^18.0 || ^19.0 || ^19.0.0-rc" }, "optionalPeers": ["@types/react"] }, "sha512-cot/aB/mOm0IYVYTTmQcEEK1M48lZWi8FlYe5nDPQQ8NYZUlXEFgncJ9p2Kzer3RKSrY7cTTpEMLZKNo9QoP5Q=="],

    "@radix-ui/react-focus-scope": ["@radix-ui/react-focus-scope@1.1.10", "", { "dependencies": { "@radix-ui/react-compose-refs": "1.1.3", "@radix-ui/react-primitive": "2.1.6", "@radix-ui/react-use-callback-ref": "1.1.2" }, "peerDependencies": { "@types/react": "*", "@types/react-dom": "*", "react": "^16.8 || ^17.0 || ^18.0 || ^19.0 || ^19.0.0-rc", "react-dom": "^16.8 || ^17.0 || ^18.0 || ^19.0 || ^19.0.0-rc" }, "optionalPeers": ["@types/react", "@types/react-dom"] }, "sha512-Fas/lXQqhVvqwAb64s5RFeHiHYElZ6SUQbZaNd6EkfhP/Al7wTIQ9WIR4QVX475tlu5yFCEdDcJH6/UwsZjMWw=="],

    "@radix-ui/react-id": ["@radix-ui/react-id@1.1.2", "", { "dependencies": { "@radix-ui/react-use-layout-effect": "1.1.2" }, "peerDependencies": { "@types/react": "*", "react": "^16.8 || ^17.0 || ^18.0 || ^19.0 || ^19.0.0-rc" }, "optionalPeers": ["@types/react"] }, "sha512-orBC88futVpqCmhX1p4cvquNHsELQ+w+vBJnuj3ftETI5bJb0bZn3Tqu3SWN2IOcPycTnMGnhwoermvISt72sA=="],

    "@radix-ui/react-menu": ["@radix-ui/react-menu@2.1.18", "", { "dependencies": { "@radix-ui/primitive": "1.1.4", "@radix-ui/react-collection": "1.1.10", "@radix-ui/react-compose-refs": "1.1.3", "@radix-ui/react-context": "1.1.4", "@radix-ui/react-direction": "1.1.2", "@radix-ui/react-dismissable-layer": "1.1.13", "@radix-ui/react-focus-guards": "1.1.4", "@radix-ui/react-focus-scope": "1.1.10", "@radix-ui/react-id": "1.1.2", "@radix-ui/react-popper": "1.3.1", "@radix-ui/react-portal": "1.1.12", "@radix-ui/react-presence": "1.1.6", "@radix-ui/react-primitive": "2.1.6", "@radix-ui/react-roving-focus": "1.1.13", "@radix-ui/react-slot": "1.3.0", "@radix-ui/react-use-callback-ref": "1.1.2", "aria-hidden": "^1.2.4", "react-remove-scroll": "^2.7.2" }, "peerDependencies": { "@types/react": "*", "@types/react-dom": "*", "react": "^16.8 || ^17.0 || ^18.0 || ^19.0 || ^19.0.0-rc", "react-dom": "^16.8 || ^17.0 || ^18.0 || ^19.0 || ^19.0.0-rc" }, "optionalPeers": ["@types/react", "@types/react-dom"] }, "sha512-lj8Rxjtn6zJq1oSbE/uDtAwCbB9BnxgHD+8MwJMuTh6u1dPamYhW9iuELr/Z8d0D/UysFblYYHeBPwi7T4k0YQ=="],

    "@radix-ui/react-popover": ["@radix-ui/react-popover@1.1.17", "", { "dependencies": { "@radix-ui/primitive": "1.1.4", "@radix-ui/react-compose-refs": "1.1.3", "@radix-ui/react-context": "1.1.4", "@radix-ui/react-dismissable-layer": "1.1.13", "@radix-ui/react-focus-guards": "1.1.4", "@radix-ui/react-focus-scope": "1.1.10", "@radix-ui/react-id": "1.1.2", "@radix-ui/react-popper": "1.3.1", "@radix-ui/react-portal": "1.1.12", "@radix-ui/react-presence": "1.1.6", "@radix-ui/react-primitive": "2.1.6", "@radix-ui/react-slot": "1.3.0", "@radix-ui/react-use-controllable-state": "1.2.3", "aria-hidden": "^1.2.4", "react-remove-scroll": "^2.7.2" }, "peerDependencies": { "@types/react": "*", "@types/react-dom": "*", "react": "^16.8 || ^17.0 || ^18.0 || ^19.0 || ^19.0.0-rc", "react-dom": "^16.8 || ^17.0 || ^18.0 || ^19.0 || ^19.0.0-rc" }, "optionalPeers": ["@types/react", "@types/react-dom"] }, "sha512-/YSAOdJ7YJvdn7bn5sdSx2egW+SKY+u7O5RyAVs94Ymrg2fg5QTSFPMRkzvhGyFuE4/qsmPBdrwYoZMZh/4f+g=="],

    "@radix-ui/react-popper": ["@radix-ui/react-popper@1.3.1", "", { "dependencies": { "@floating-ui/react-dom": "^2.0.0", "@radix-ui/react-arrow": "1.1.10", "@radix-ui/react-compose-refs": "1.1.3", "@radix-ui/react-context": "1.1.4", "@radix-ui/react-primitive": "2.1.6", "@radix-ui/react-use-callback-ref": "1.1.2", "@radix-ui/react-use-layout-effect": "1.1.2", "@radix-ui/react-use-rect": "1.1.2", "@radix-ui/react-use-size": "1.1.2", "@radix-ui/rect": "1.1.2" }, "peerDependencies": { "@types/react": "*", "@types/react-dom": "*", "react": "^16.8 || ^17.0 || ^18.0 || ^19.0 || ^19.0.0-rc", "react-dom": "^16.8 || ^17.0 || ^18.0 || ^19.0 || ^19.0.0-rc" }, "optionalPeers": ["@types/react", "@types/react-dom"] }, "sha512-bhnq/0DEPTi2lsOD3J5rTL65qUKHbKbhqHsmN9TMiclSXpipi651ooUKPPp6G5lF/WiHBdn1s0Wuqsn+myVAvw=="],

    "@radix-ui/react-portal": ["@radix-ui/react-portal@1.1.12", "", { "dependencies": { "@radix-ui/react-primitive": "2.1.6", "@radix-ui/react-use-layout-effect": "1.1.2" }, "peerDependencies": { "@types/react": "*", "@types/react-dom": "*", "react": "^16.8 || ^17.0 || ^18.0 || ^19.0 || ^19.0.0-rc", "react-dom": "^16.8 || ^17.0 || ^18.0 || ^19.0 || ^19.0.0-rc" }, "optionalPeers": ["@types/react", "@types/react-dom"] }, "sha512-m309havGzsjLHHaIX50G5PlvRs3xkgPCsGk/5PTvYm8D5q33yG0J7w/712PTOhid7NTaFETtnSXjngHQavvhVw=="],

    "@radix-ui/react-presence": ["@radix-ui/react-presence@1.1.6", "", { "dependencies": { "@radix-ui/react-use-layout-effect": "1.1.2" }, "peerDependencies": { "@types/react": "*", "@types/react-dom": "*", "react": "^16.8 || ^17.0 || ^18.0 || ^19.0 || ^19.0.0-rc", "react-dom": "^16.8 || ^17.0 || ^18.0 || ^19.0 || ^19.0.0-rc" }, "optionalPeers": ["@types/react", "@types/react-dom"] }, "sha512-zdTk4PlUO0E18HnZ3wYbW0KkJJxWCdiNYp6g6X1PtONFhxVkg01vliTJAmwIszU6mHiyBOoW9P0rAugl5/hULQ=="],

    "@radix-ui/react-primitive": ["@radix-ui/react-primitive@2.1.6", "", { "dependencies": { "@radix-ui/react-slot": "1.3.0" }, "peerDependencies": { "@types/react": "*", "@types/react-dom": "*", "react": "^16.8 || ^17.0 || ^18.0 || ^19.0 || ^19.0.0-rc", "react-dom": "^16.8 || ^17.0 || ^18.0 || ^19.0 || ^19.0.0-rc" }, "optionalPeers": ["@types/react", "@types/react-dom"] }, "sha512-wetd0QI77DbvrPpTAvH1SqOxsYF2wZe5TNxqwOd5Ty4XDpV3dpV0s8K/1MGMJBeY5o7lg8ub5VIt1Ub+yVen6g=="],

    "@radix-ui/react-roving-focus": ["@radix-ui/react-roving-focus@1.1.13", "", { "dependencies": { "@radix-ui/primitive": "1.1.4", "@radix-ui/react-collection": "1.1.10", "@radix-ui/react-compose-refs": "1.1.3", "@radix-ui/react-context": "1.1.4", "@radix-ui/react-direction": "1.1.2", "@radix-ui/react-id": "1.1.2", "@radix-ui/react-primitive": "2.1.6", "@radix-ui/react-use-callback-ref": "1.1.2", "@radix-ui/react-use-controllable-state": "1.2.3" }, "peerDependencies": { "@types/react": "*", "@types/react-dom": "*", "react": "^16.8 || ^17.0 || ^18.0 || ^19.0 || ^19.0.0-rc", "react-dom": "^16.8 || ^17.0 || ^18.0 || ^19.0 || ^19.0.0-rc" }, "optionalPeers": ["@types/react", "@types/react-dom"] }, "sha512-9gkwneI0guf8JDmrFxPjJF6Ozzgioyw+/lonYNCwefS9ZHA05er0BVHiXr+LbWGHxUfczvMY6G1oiZZi1VzjRw=="],

    "@radix-ui/react-select": ["@radix-ui/react-select@2.3.1", "", { "dependencies": { "@radix-ui/number": "1.1.2", "@radix-ui/primitive": "1.1.4", "@radix-ui/react-collection": "1.1.10", "@radix-ui/react-compose-refs": "1.1.3", "@radix-ui/react-context": "1.1.4", "@radix-ui/react-direction": "1.1.2", "@radix-ui/react-dismissable-layer": "1.1.13", "@radix-ui/react-focus-guards": "1.1.4", "@radix-ui/react-focus-scope": "1.1.10", "@radix-ui/react-id": "1.1.2", "@radix-ui/react-popper": "1.3.1", "@radix-ui/react-portal": "1.1.12", "@radix-ui/react-presence": "1.1.6", "@radix-ui/react-primitive": "2.1.6", "@radix-ui/react-slot": "1.3.0", "@radix-ui/react-use-callback-ref": "1.1.2", "@radix-ui/react-use-controllable-state": "1.2.3", "@radix-ui/react-use-layout-effect": "1.1.2", "@radix-ui/react-use-previous": "1.1.2", "@radix-ui/react-visually-hidden": "1.2.6", "aria-hidden": "^1.2.4", "react-remove-scroll": "^2.7.2" }, "peerDependencies": { "@types/react": "*", "@types/react-dom": "*", "react": "^16.8 || ^17.0 || ^18.0 || ^19.0 || ^19.0.0-rc", "react-dom": "^16.8 || ^17.0 || ^18.0 || ^19.0 || ^19.0.0-rc" }, "optionalPeers": ["@types/react", "@types/react-dom"] }, "sha512-w6eDvY78LE9ZUiNnXCA1QVK8RYN7k9galFv09kjVydJqBAgHd7Y9A6h0UJ/6DCZNGZMZrB2ohcSW1Bo9d8+wWA=="],

    "@radix-ui/react-slot": ["@radix-ui/react-slot@1.3.0", "", { "dependencies": { "@radix-ui/react-compose-refs": "1.1.3" }, "peerDependencies": { "@types/react": "*", "react": "^16.8 || ^17.0 || ^18.0 || ^19.0 || ^19.0.0-rc" }, "optionalPeers": ["@types/react"] }, "sha512-MojKku4U/miO8Av4Dkb+ctMAQx7JmY96LmtDQlAarCRtd7rN52QCSzBF+XAvr5S6coSVj9HEPBgHAHKEJVk/WA=="],

    "@radix-ui/react-toggle": ["@radix-ui/react-toggle@1.1.12", "", { "dependencies": { "@radix-ui/primitive": "1.1.4", "@radix-ui/react-primitive": "2.1.6", "@radix-ui/react-use-controllable-state": "1.2.3" }, "peerDependencies": { "@types/react": "*", "@types/react-dom": "*", "react": "^16.8 || ^17.0 || ^18.0 || ^19.0 || ^19.0.0-rc", "react-dom": "^16.8 || ^17.0 || ^18.0 || ^19.0 || ^19.0.0-rc" }, "optionalPeers": ["@types/react", "@types/react-dom"] }, "sha512-AsAVsYNZIlRBsci7BhE+QyQeKd1h6TffJYt+lF0QQkd5OpQ3klfIByPsCb4G0h/Fq6PJwh1FYNluzBFYzhk4+w=="],

    "@radix-ui/react-toggle-group": ["@radix-ui/react-toggle-group@1.1.13", "", { "dependencies": { "@radix-ui/primitive": "1.1.4", "@radix-ui/react-context": "1.1.4", "@radix-ui/react-direction": "1.1.2", "@radix-ui/react-primitive": "2.1.6", "@radix-ui/react-roving-focus": "1.1.13", "@radix-ui/react-toggle": "1.1.12", "@radix-ui/react-use-controllable-state": "1.2.3" }, "peerDependencies": { "@types/react": "*", "@types/react-dom": "*", "react": "^16.8 || ^17.0 || ^18.0 || ^19.0 || ^19.0.0-rc", "react-dom": "^16.8 || ^17.0 || ^18.0 || ^19.0 || ^19.0.0-rc" }, "optionalPeers": ["@types/react", "@types/react-dom"] }, "sha512-Xb9PLtlvU66F36LiKba6dFswu6V2mDkgidO4fNSbQHQwmZ9ObxMIO17MN/LJ4aWJecVuSVLAHPZjyeMzJrgeiA=="],

    "@radix-ui/react-use-callback-ref": ["@radix-ui/react-use-callback-ref@1.1.2", "", { "peerDependencies": { "@types/react": "*", "react": "^16.8 || ^17.0 || ^18.0 || ^19.0 || ^19.0.0-rc" }, "optionalPeers": ["@types/react"] }, "sha512-xCso9j1/u8sEgP1RNHjFrXJLApL8LiqOkI1R4ywuN00rxWdYg4oQXuwKLS3i0j5NWLromUD27/4nlxj2UFVvIw=="],

    "@radix-ui/react-use-controllable-state": ["@radix-ui/react-use-controllable-state@1.2.3", "", { "dependencies": { "@radix-ui/react-use-effect-event": "0.0.3", "@radix-ui/react-use-layout-effect": "1.1.2" }, "peerDependencies": { "@types/react": "*", "react": "^16.8 || ^17.0 || ^18.0 || ^19.0 || ^19.0.0-rc" }, "optionalPeers": ["@types/react"] }, "sha512-PLzC90MS+ReootmjC597dvopoelpZ8Q61HJkDXZSExitIq7PL55vHNnesAHwguHK0aPfBnpdNzQtv1uliaqQrA=="],

    "@radix-ui/react-use-effect-event": ["@radix-ui/react-use-effect-event@0.0.3", "", { "dependencies": { "@radix-ui/react-use-layout-effect": "1.1.2" }, "peerDependencies": { "@types/react": "*", "react": "^16.8 || ^17.0 || ^18.0 || ^19.0 || ^19.0.0-rc" }, "optionalPeers": ["@types/react"] }, "sha512-6c8ZqvPTWILEKnyVkP53EGRCcpnJiKTC21sS/6R1GF5xKyHJJWQEPfkqlcgUkdRQivd6tb23abUwe4ngWmY0JA=="],

    "@radix-ui/react-use-escape-keydown": ["@radix-ui/react-use-escape-keydown@1.1.2", "", { "dependencies": { "@radix-ui/react-use-callback-ref": "1.1.2" }, "peerDependencies": { "@types/react": "*", "react": "^16.8 || ^17.0 || ^18.0 || ^19.0 || ^19.0.0-rc" }, "optionalPeers": ["@types/react"] }, "sha512-2uVLvLjgO7NZCWw01/FdqRwmA42J0BcjPMUCA+koFEOAb+zjqIP7SiFz/7zWPrKnVmSqr76Omq2ALyCuX4dhLw=="],

    "@radix-ui/react-use-is-hydrated": ["@radix-ui/react-use-is-hydrated@0.1.1", "", { "peerDependencies": { "@types/react": "*", "react": "^16.8 || ^17.0 || ^18.0 || ^19.0 || ^19.0.0-rc" }, "optionalPeers": ["@types/react"] }, "sha512-qwOiz4Tjo8CNnrOLAYUMXeZwDzXgXpvK4TKQPmWLECM9XoWvA6+0Z2/7Ag3A4ivjS4ovbLJPbskkxioFyBhr8A=="],

    "@radix-ui/react-use-layout-effect": ["@radix-ui/react-use-layout-effect@1.1.2", "", { "peerDependencies": { "@types/react": "*", "react": "^16.8 || ^17.0 || ^18.0 || ^19.0 || ^19.0.0-rc" }, "optionalPeers": ["@types/react"] }, "sha512-jrBWOxZITuGcnjRCM2t2U5ZPkCLxD+Ym6DjfssS5haTj2iiak/DOb64JeN6OdLfLgptb6/e2kKR+ZuTrGoZTPA=="],

    "@radix-ui/react-use-previous": ["@radix-ui/react-use-previous@1.1.2", "", { "peerDependencies": { "@types/react": "*", "react": "^16.8 || ^17.0 || ^18.0 || ^19.0 || ^19.0.0-rc" }, "optionalPeers": ["@types/react"] }, "sha512-IGBQPtRFdhN6MQ8dbegVmBq1LVZluya3F1jWY+puIcQC3MHctRwTDSBWCkL/3ZcnMJLTMJ++Z+ktmvg0F89iCw=="],

    "@radix-ui/react-use-rect": ["@radix-ui/react-use-rect@1.1.2", "", { "dependencies": { "@radix-ui/rect": "1.1.2" }, "peerDependencies": { "@types/react": "*", "react": "^16.8 || ^17.0 || ^18.0 || ^19.0 || ^19.0.0-rc" }, "optionalPeers": ["@types/react"] }, "sha512-d8a+bBY/FxikNPlgJJoaBHZX+zKVbWHYJGTLnLvveQgFSTntkGdEKv3JDtHrMS0DNYpllz2nRsTLGLKYttbpmw=="],

    "@radix-ui/react-use-size": ["@radix-ui/react-use-size@1.1.2", "", { "dependencies": { "@radix-ui/react-use-layout-effect": "1.1.2" }, "peerDependencies": { "@types/react": "*", "react": "^16.8 || ^17.0 || ^18.0 || ^19.0 || ^19.0.0-rc" }, "optionalPeers": ["@types/react"] }, "sha512-giWQp+4mxjBPt4KZ0MmyuykFNWfbDxKt4x+fPkRYmgRFJSbCZFzUglvMb/Kjn38tm10YP4ufiQZDx3zna4LU6w=="],

    "@radix-ui/react-visually-hidden": ["@radix-ui/react-visually-hidden@1.2.6", "", { "dependencies": { "@radix-ui/react-primitive": "2.1.6" }, "peerDependencies": { "@types/react": "*", "@types/react-dom": "*", "react": "^16.8 || ^17.0 || ^18.0 || ^19.0 || ^19.0.0-rc", "react-dom": "^16.8 || ^17.0 || ^18.0 || ^19.0 || ^19.0.0-rc" }, "optionalPeers": ["@types/react", "@types/react-dom"] }, "sha512-jCE0WljWifTI4niIMCll06kGpsJTAPiZVU9H4WR1N6qW7At9ystHbN7dDB+we2xH535roFHj7qKS+RGj0FMDWQ=="],

    "@radix-ui/rect": ["@radix-ui/rect@1.1.2", "", {}, "sha512-xnXE7wG13PI+cxieVssYXlQJuYVRhH9NBoxt3KNwzghDIA69GMm7d4wXRouHIYjE+KvS6U/MsMO73NdS2MH9ZA=="],

    "@sinclair/typebox": ["@sinclair/typebox@0.34.49", "", {}, "sha512-brySQQs7Jtn0joV8Xh9ZV/hZb9Ozb0pmazDIASBkYKCjXrXU3mpcFahmK/z4YDhGkQvP9mWJbVyahdtU5wQA+A=="],

    "@tokenizer/inflate": ["@tokenizer/inflate@0.4.1", "", { "dependencies": { "debug": "^4.4.3", "token-types": "^6.1.1" } }, "sha512-2mAv+8pkG6GIZiF1kNg1jAjh27IDxEPKwdGul3snfztFerfPGI1LjDezZp3i7BElXompqEtPmoPx6c2wgtWsOA=="],

    "@tokenizer/token": ["@tokenizer/token@0.3.0", "", {}, "sha512-OvjF+z51L3ov0OyAU0duzsYuvO01PH7x4t6DJx+guahgTnBHkhJdG7soQeTSFLWN3efnHyibZ4Z8l2EuWwJN3A=="],

    "@types/bun": ["@types/bun@1.3.14", "", { "dependencies": { "bun-types": "1.3.14" } }, "sha512-h1hFqFVcvAvD9j9K7ZW7vd82aSA+rTdznZa+5bwvCwqSB1jmmfLcbIWhOLx1/+boy/xmjgCs/OMUL8hRJSmnPw=="],

    "@types/node": ["@types/node@26.0.1", "", { "dependencies": { "undici-types": "~8.3.0" } }, "sha512-fc3KiUoBt6kie0N9bIW3E47vZsuaMf0PM2AaUpLCLT0s/LvX1nxAim6Fc049cNxODPpGm6qRAuUOB86SkRuPQw=="],

    "@types/react": ["@types/react@19.2.17", "", { "dependencies": { "csstype": "^3.2.2" } }, "sha512-MXfmqaVPEVgkBT/aY0aGCkRWWtByiYQXo3xdQ8r5RzuFrPiRn8Gar2tQdXSUQ2GKV3bkXckek89V8wQBY2Q/Aw=="],

    "@types/react-dom": ["@types/react-dom@19.2.3", "", { "peerDependencies": { "@types/react": "^19.2.0" } }, "sha512-jp2L/eY6fn+KgVVQAOqYItbF0VY/YApe5Mz2F0aykSO8gx31bYCZyvSeYxCHKvzHG5eZjc+zyaS5BrBWya2+kQ=="],

    "aria-hidden": ["aria-hidden@1.2.6", "", { "dependencies": { "tslib": "^2.0.0" } }, "sha512-ik3ZgC9dY/lYVVM++OISsaYDeg1tb0VtP5uL3ouh1koGOaUMDPpbFIei4JkFimWUFPn90sbMNMXQAIVOlnYKJA=="],

    "bun-plugin-tailwind": ["bun-plugin-tailwind@0.0.15", "", { "peerDependencies": { "typescript": "^5.0.0" } }, "sha512-qtAXMNGG4R0UGGI8zWrqm2B7BdXqx48vunJXBPzfDOHPA5WkRUZdTSbE7TFwO4jLhYqSE23YMWsM9NhE6ovobw=="],

    "bun-types": ["bun-types@1.3.14", "", { "dependencies": { "@types/node": "*" } }, "sha512-4N0ig0fEomHt5R0KCFWjovxow98rIoRwKolrYdCcknNwMekCXRnWEUvgu5soYV8QXtVsrUD8B95MBOZGPvr6KQ=="],

    "class-variance-authority": ["class-variance-authority@0.7.1", "", { "dependencies": { "clsx": "^2.1.1" } }, "sha512-Ka+9Trutv7G8M6WT6SeiRWz792K5qEqIGEGzXKhAE6xOWAY6pPH8U+9IY3oCMv6kqTmLsv7Xh/2w2RigkePMsg=="],

    "clsx": ["clsx@2.1.1", "", {}, "sha512-eYm0QWBtUrBWZWG0d386OGAw16Z995PiOVo2B7bjWSbHedGl5e0ZWaq65kOGgUSNesEIDkB9ISbTg/JK9dhCZA=="],

    "cookie": ["cookie@1.1.1", "", {}, "sha512-ei8Aos7ja0weRpFzJnEA9UHJ/7XQmqglbRwnf2ATjcB9Wq874VKH9kfjjirM6UhU2/E5fFYadylyhFldcqSidQ=="],

    "csstype": ["csstype@3.2.3", "", {}, "sha512-z1HGKcYy2xA8AGQfwrn0PAy+PB7X/GSj3UVJW9qKyn43xWa+gl5nXmU4qqLMRzWVLFC8KusUX8T/0kCiOYpAIQ=="],

    "debug": ["debug@4.4.3", "", { "dependencies": { "ms": "^2.1.3" }, "peerDependencies": { "supports-color": "*" }, "optionalPeers": ["supports-color"] }, "sha512-RGwwWnwQvkVfavKVt22FGLw+xYSdzARwm0ru6DhTVA3umU5hZc28V3kO4stgYryrTlLpuvgI9GiijltAjNbcqA=="],

    "detect-node-es": ["detect-node-es@1.1.0", "", {}, "sha512-ypdmJU/TbBby2Dxibuv7ZLW3Bs1QEmM7nHjEANfohJLvE0XVujisn1qPJcZxg+qDucsr+bP6fLD1rPS3AhJ7EQ=="],

    "elysia": ["elysia@1.4.29", "", { "dependencies": { "cookie": "^1.1.1", "exact-mirror": "^0.2.7", "fast-decode-uri-component": "^1.0.1", "memoirist": "^0.4.0" }, "peerDependencies": { "@sinclair/typebox": ">= 0.34.0 < 1", "@types/bun": ">= 1.2.0", "file-type": ">= 20.0.0", "openapi-types": ">= 12.0.0", "typescript": ">= 5.0.0" }, "optionalPeers": ["@types/bun", "typescript"] }, "sha512-GwMRGGwSdjfPt+w3LA0fqTuYJtS8uVRJicvoar98/HrO5qdFKDc9CwjIb6Kja+v39lkY+58hr2JvdR9jQzlUuA=="],

    "exact-mirror": ["exact-mirror@0.2.7", "", { "peerDependencies": { "@sinclair/typebox": "^0.34.15" }, "optionalPeers": ["@sinclair/typebox"] }, "sha512-+MeEmDcLA4o/vjK2zujgk+1VTxPR4hdp23qLqkWfStbECtAq9gmsvQa3LW6z/0GXZyHJobrCnmy1cdeE7BjsYg=="],

    "fast-check": ["fast-check@4.8.0", "", { "dependencies": { "pure-rand": "^8.0.0" } }, "sha512-GOJ158CUMnN6cSahsv4+ExARvIDuzzinFjkp0E9WtiBa5zcVeLozVkWaE4IzFcc+Y48Wp1EDlUZsXRyAztQcSg=="],

    "fast-decode-uri-component": ["fast-decode-uri-component@1.0.1", "", {}, "sha512-WKgKWg5eUxvRZGwW8FvfbaH7AXSh2cL+3j5fMGzUMCxWBJ3dV3a7Wz8y2f/uQ0e3B6WmodD3oS54jTQ9HVTIIg=="],

    "file-type": ["file-type@22.0.1", "", { "dependencies": { "@tokenizer/inflate": "^0.4.1", "strtok3": "^10.3.5", "token-types": "^6.1.2", "uint8array-extras": "^1.5.0" } }, "sha512-ww5Mhre0EE+jmBvOXTmXAbEMuZE7uX4a3+oRCQFNj8w++g3ev913N6tXQz0XTXbueQ5TWQfm6BdaViEHHn8bhA=="],

    "get-nonce": ["get-nonce@1.0.1", "", {}, "sha512-FJhYRoDaiatfEkUK8HKlicmu/3SGFD51q3itKDGoSTysQJBnfOcxU5GxnhE1E6soB76MbT0MBtnKJuXyAx+96Q=="],

    "ieee754": ["ieee754@1.2.1", "", {}, "sha512-dcyqhDvX1C46lXZcVqCpK+FtMRQVdIMN6/Df5js2zouUsqG7I6sFxitIC+7KYK29KdXOLHdu9zL4sFnoVQnqaA=="],

    "jose": ["jose@6.2.3", "", {}, "sha512-YYVDInQKFJfR/xa3ojUTl8c2KoTwiL1R5Wg9YCydwH0x0B9grbzlg5HC7mMjCtUJjbQ/YnGEZIhI5tCgfTb4Hw=="],

    "lucide-react": ["lucide-react@0.544.0", "", { "peerDependencies": { "react": "^16.5.1 || ^17.0.0 || ^18.0.0 || ^19.0.0" } }, "sha512-t5tS44bqd825zAW45UQxpG2CvcC4urOwn2TrwSH8u+MjeE+1NnWl6QqeQ/6NdjMqdOygyiT9p3Ev0p1NJykxjw=="],

    "memoirist": ["memoirist@0.4.0", "", {}, "sha512-zxTgA0mSYELa66DimuNQDvyLq36AwDlTuVRbnQtB+VuTcKWm5Qc4z3WkSpgsFWHNhexqkIooqpv4hdcqrX5Nmg=="],

    "ms": ["ms@2.1.3", "", {}, "sha512-6FlzubTLZG3J2a/NVCAleEhjzq5oxgHyaCU9yYXvcLsvoVaHJq/s5xXI6/XXP6tz7R9xAOtHnSO/tXtF3WRTlA=="],

    "openapi-types": ["openapi-types@12.1.3", "", {}, "sha512-N4YtSYJqghVu4iek2ZUvcN/0aqH1kRDuNqzcycDxhOUpg7GdvLa2F3DgS6yBNhInhv2r/6I0Flkn7CqL8+nIcw=="],

    "pure-rand": ["pure-rand@8.4.1", "", {}, "sha512-c58R2+SPFcSIPXoU834QN/KPDDOSd8sXcSrqf6e83Me6Rrp1EYkxukkjXMVrKvKaADs1SOyNkWdfvLf6zY8qLQ=="],

    "react": ["react@19.2.7", "", {}, "sha512-HNe9WslTbXmFK8o8cmwgAeJFSBvt1bPdHCVKtaaV+WlAN36mpT4hcRpwbf3fY56ar2oIXzsBpOAiIRHAdY0OlQ=="],

    "react-dom": ["react-dom@19.2.7", "", { "dependencies": { "scheduler": "^0.27.0" }, "peerDependencies": { "react": "^19.2.7" } }, "sha512-t0BRVXvbiE/o20Hfw669rLbMCDWtYZLvmJigy2f0MxsXF+71pxhR3xOkspmsO8h3ZlNzyibAmtCa3l4lYKk6gQ=="],

    "react-remove-scroll": ["react-remove-scroll@2.7.2", "", { "dependencies": { "react-remove-scroll-bar": "^2.3.7", "react-style-singleton": "^2.2.3", "tslib": "^2.1.0", "use-callback-ref": "^1.3.3", "use-sidecar": "^1.1.3" }, "peerDependencies": { "@types/react": "*", "react": "^16.8.0 || ^17.0.0 || ^18.0.0 || ^19.0.0 || ^19.0.0-rc" }, "optionalPeers": ["@types/react"] }, "sha512-Iqb9NjCCTt6Hf+vOdNIZGdTiH1QSqr27H/Ek9sv/a97gfueI/5h1s3yRi1nngzMUaOOToin5dI1dXKdXiF+u0Q=="],

    "react-remove-scroll-bar": ["react-remove-scroll-bar@2.3.8", "", { "dependencies": { "react-style-singleton": "^2.2.2", "tslib": "^2.0.0" }, "peerDependencies": { "@types/react": "*", "react": "^16.8.0 || ^17.0.0 || ^18.0.0 || ^19.0.0" }, "optionalPeers": ["@types/react"] }, "sha512-9r+yi9+mgU33AKcj6IbT9oRCO78WriSj6t/cF8DWBZJ9aOGPOTEDvdUDz1FwKim7QXWwmHqtdHnRJfhAxEG46Q=="],

    "react-style-singleton": ["react-style-singleton@2.2.3", "", { "dependencies": { "get-nonce": "^1.0.0", "tslib": "^2.0.0" }, "peerDependencies": { "@types/react": "*", "react": "^16.8.0 || ^17.0.0 || ^18.0.0 || ^19.0.0 || ^19.0.0-rc" }, "optionalPeers": ["@types/react"] }, "sha512-b6jSvxvVnyptAiLjbkWLE/lOnR4lfTtDAl+eUC7RZy+QQWc6wRzIV2CE6xBuMmDxc2qIihtDCZD5NPOFl7fRBQ=="],

    "scheduler": ["scheduler@0.27.0", "", {}, "sha512-eNv+WrVbKu1f3vbYJT/xtiF5syA5HPIMtf9IgY/nKg0sWqzAUEvqY/xm7OcZc/qafLx/iO9FgOmeSAp4v5ti/Q=="],

    "sonner": ["sonner@2.0.7", "", { "peerDependencies": { "react": "^18.0.0 || ^19.0.0 || ^19.0.0-rc", "react-dom": "^18.0.0 || ^19.0.0 || ^19.0.0-rc" } }, "sha512-W6ZN4p58k8aDKA4XPcx2hpIQXBRAgyiWVkYhT7CvK6D3iAu7xjvVyhQHg2/iaKJZ1XVJ4r7XuwGL+WGEK37i9w=="],

    "strtok3": ["strtok3@10.3.5", "", { "dependencies": { "@tokenizer/token": "^0.3.0" } }, "sha512-ki4hZQfh5rX0QDLLkOCj+h+CVNkqmp/CMf8v8kZpkNVK6jGQooMytqzLZYUVYIZcFZ6yDB70EfD8POcFXiF5oA=="],

    "tailwind-merge": ["tailwind-merge@3.6.0", "", {}, "sha512-uxL7qAVQriqRQPAyK3pj66VqskWqoZ37PW94jwOTwNfq/z9oyu1V+eqrZqtR2+fCiXdYOZe/Modt8GtvqNzu+w=="],

    "tailwindcss": ["tailwindcss@4.3.2", "", {}, "sha512-WtctNNSH8A9jlMIqxzuYumOHU5uGZyRv0Q5svQl+oEPy5w84YpBxdb7MdqyiSPQge5jTJ6zFQLq0PFygdccSBA=="],

    "token-types": ["token-types@6.1.2", "", { "dependencies": { "@borewit/text-codec": "^0.2.1", "@tokenizer/token": "^0.3.0", "ieee754": "^1.2.1" } }, "sha512-dRXchy+C0IgK8WPC6xvCHFRIWYUbqqdEIKPaKo/AcTUNzwLTK6AH7RjdLWsEZcAN/TBdtfUw3PYEgPr5VPr6ww=="],

    "tslib": ["tslib@2.8.1", "", {}, "sha512-oJFu94HQb+KVduSUQL7wnpmqnfmLsOA/nAh6b6EH0wCEoK0/mPeXU6c3wKDV83MkOuHPRHtSXKKU99IBazS/2w=="],

    "tw-animate-css": ["tw-animate-css@1.4.0", "", {}, "sha512-7bziOlRqH0hJx80h/3mbicLW7o8qLsH5+RaLR2t+OHM3D0JlWGODQKQ4cxbK7WlvmUxpcj6Kgu6EKqjrGFe3QQ=="],

    "typescript": ["typescript@5.9.3", "", { "bin": { "tsc": "bin/tsc", "tsserver": "bin/tsserver" } }, "sha512-jl1vZzPDinLr9eUt3J/t7V6FgNEw9QjvBPdysz9KfQDD41fQrC2Y4vKQdiaUpFT4bXlb1RHhLpp8wtm6M5TgSw=="],

    "uint8array-extras": ["uint8array-extras@1.5.0", "", {}, "sha512-rvKSBiC5zqCCiDZ9kAOszZcDvdAHwwIKJG33Ykj43OKcWsnmcBRL09YTU4nOeHZ8Y2a7l1MgTd08SBe9A8Qj6A=="],

    "undici-types": ["undici-types@8.3.0", "", {}, "sha512-j375ScV60dom+YkPFIfTLcOiPxkN/buHz5GobjLhixFuANaNs3C9l4GmrWqejgXWJ7BbJcFYpTEUkS1Ge8bpZQ=="],

    "use-callback-ref": ["use-callback-ref@1.3.3", "", { "dependencies": { "tslib": "^2.0.0" }, "peerDependencies": { "@types/react": "*", "react": "^16.8.0 || ^17.0.0 || ^18.0.0 || ^19.0.0 || ^19.0.0-rc" }, "optionalPeers": ["@types/react"] }, "sha512-jQL3lRnocaFtu3V00JToYz/4QkNWswxijDaCVNZRiRTO3HQDLsdu1ZtmIUvV4yPp+rvWm5j0y0TG/S61cuijTg=="],

    "use-sidecar": ["use-sidecar@1.1.3", "", { "dependencies": { "detect-node-es": "^1.1.0", "tslib": "^2.0.0" }, "peerDependencies": { "@types/react": "*", "react": "^16.8.0 || ^17.0.0 || ^18.0.0 || ^19.0.0 || ^19.0.0-rc" }, "optionalPeers": ["@types/react"] }, "sha512-Fedw0aZvkhynoPYlA5WXrMCAMm+nSWdZt6lzJQ7Ok8S6Q+VsHmHpRWndVRJ8Be0ZbkfPc5LRYH+5XrzXcEeLRQ=="],
  }
}
